# THIS IS AN AUTOGENERATED FILE. DO NOT EDIT THIS FILE DIRECTLY.
# yarn lockfile v1


ethan-test-package@^1.0.0:
  version "1.0.0"
  resolved "https://registry.yarnpkg.com/ethan-test-package/-/ethan-test-package-1.0.0.tgz#640164287a50a14b7804acd138746ee8a6c1b237"
  integrity sha512-S4Co4Y20JXjbHHedArKd3wOUR3TYvWe929pXSV/jhWkIv/16Q/uAmHBW+jguxk4h/WpJN/nQKxciccHt09fZBQ==
